
Microsoft Visual Studio Solution File, Format Version 12.00
# Visual Studio Version 17
VisualStudioVersion = 17.0.31919.166
MinimumVisualStudioVersion = 10.0.40219.1
Project("{FAE04EC0-301F-11D3-BF4B-00C04F79EFBC}") = "StudentHub.API", "StudentHub\StudentHub.API.csproj", "{729B88BC-74D1-44AE-8EE5-F257D6F84233}"
EndProject
Project("{FAE04EC0-301F-11D3-BF4B-00C04F79EFBC}") = "StudentHub.Models", "StudentHub.Models\StudentHub.Models.csproj", "{B40C4972-6C8D-496F-A232-CD410C85556F}"
EndProject
Global
	GlobalSection(SolutionConfigurationPlatforms) = preSolution
		Debug|Any CPU = Debug|Any CPU
		Release|Any CPU = Release|Any CPU
	EndGlobalSection
	GlobalSection(ProjectConfigurationPlatforms) = postSolution
		{729B88BC-74D1-44AE-8EE5-F257D6F84233}.Debug|Any CPU.ActiveCfg = Debug|Any CPU
		{729B88BC-74D1-44AE-8EE5-F257D6F84233}.Debug|Any CPU.Build.0 = Debug|Any CPU
		{729B88BC-74D1-44AE-8EE5-F257D6F84233}.Release|Any CPU.ActiveCfg = Release|Any CPU
		{729B88BC-74D1-44AE-8EE5-F257D6F84233}.Release|Any CPU.Build.0 = Release|Any CPU
		{B40C4972-6C8D-496F-A232-CD410C85556F}.Debug|Any CPU.ActiveCfg = Debug|Any CPU
		{B40C4972-6C8D-496F-A232-CD410C85556F}.Debug|Any CPU.Build.0 = Debug|Any CPU
		{B40C4972-6C8D-496F-A232-CD410C85556F}.Release|Any CPU.ActiveCfg = Release|Any CPU
		{B40C4972-6C8D-496F-A232-CD410C85556F}.Release|Any CPU.Build.0 = Release|Any CPU
	EndGlobalSection
	GlobalSection(SolutionProperties) = preSolution
		HideSolutionNode = FALSE
	EndGlobalSection
	GlobalSection(ExtensibilityGlobals) = postSolution
		SolutionGuid = {665AC5FD-0089-446D-9D9B-9048154F92F9}
	EndGlobalSection
EndGlobal
